// !$*UTF8*$!
{
	archiveVersion = 1;
	classes = {
	};
	objectVersion = 50;
	objects = {

/* Begin PBXBuildFile section */
		D435333920F0B020001F31D6 /* GameListTests.swift in Sources */ = {isa = PBXBuildFile; fileRef = D435333820F0B020001F31D6 /* GameListTests.swift */; };
		D435334420F0B020001F31D6 /* GameListUITests.swift in Sources */ = {isa = PBXBuildFile; fileRef = D435334320F0B020001F31D6 /* GameListUITests.swift */; };
		D435336A20F0B21F001F31D6 /* AppDelegate.swift in Sources */ = {isa = PBXBuildFile; fileRef = D435335920F0B21F001F31D6 /* AppDelegate.swift */; };
		D435336B20F0B21F001F31D6 /* Assets.xcassets in Resources */ = {isa = PBXBuildFile; fileRef = D435335C20F0B21F001F31D6 /* Assets.xcassets */; };
		D435336C20F0B21F001F31D6 /* LaunchScreen.storyboard in Resources */ = {isa = PBXBuildFile; fileRef = D435335D20F0B21F001F31D6 /* LaunchScreen.storyboard */; };
		D435336D20F0B21F001F31D6 /* Main.storyboard in Resources */ = {isa = PBXBuildFile; fileRef = D435335F20F0B21F001F31D6 /* Main.storyboard */; };
		D435336F20F0B21F001F31D6 /* GameListVC.swift in Sources */ = {isa = PBXBuildFile; fileRef = D435336620F0B21F001F31D6 /* GameListVC.swift */; };
		D435337120F0B2C9001F31D6 /* GameListPresenter.swift in Sources */ = {isa = PBXBuildFile; fileRef = D435337020F0B2C9001F31D6 /* GameListPresenter.swift */; };
		D435337320F0B2DA001F31D6 /* GameListInteractor.swift in Sources */ = {isa = PBXBuildFile; fileRef = D435337220F0B2DA001F31D6 /* GameListInteractor.swift */; };
		D435337520F0B2EB001F31D6 /* Game.swift in Sources */ = {isa = PBXBuildFile; fileRef = D435337420F0B2EB001F31D6 /* Game.swift */; };
		D435337820F0B370001F31D6 /* Constants.swift in Sources */ = {isa = PBXBuildFile; fileRef = D435337720F0B370001F31D6 /* Constants.swift */; };
		D435337A20F0BD6B001F31D6 /* NetworkClient.swift in Sources */ = {isa = PBXBuildFile; fileRef = D435337920F0BD6B001F31D6 /* NetworkClient.swift */; };
		D435337C20F0C371001F31D6 /* Response.swift in Sources */ = {isa = PBXBuildFile; fileRef = D435337B20F0C371001F31D6 /* Response.swift */; };
/* End PBXBuildFile section */

/* Begin PBXContainerItemProxy section */
		D435333520F0B020001F31D6 /* PBXContainerItemProxy */ = {
			isa = PBXContainerItemProxy;
			containerPortal = D435331820F0B01D001F31D6 /* Project object */;
			proxyType = 1;
			remoteGlobalIDString = D435331F20F0B01D001F31D6;
			remoteInfo = GameList;
		};
		D435334020F0B020001F31D6 /* PBXContainerItemProxy */ = {
			isa = PBXContainerItemProxy;
			containerPortal = D435331820F0B01D001F31D6 /* Project object */;
			proxyType = 1;
			remoteGlobalIDString = D435331F20F0B01D001F31D6;
			remoteInfo = GameList;
		};
/* End PBXContainerItemProxy section */

/* Begin PBXFileReference section */
		D435332020F0B01D001F31D6 /* GameList.app */ = {isa = PBXFileReference; explicitFileType = wrapper.application; includeInIndex = 0; path = GameList.app; sourceTree = BUILT_PRODUCTS_DIR; };
		D435333420F0B020001F31D6 /* GameListTests.xctest */ = {isa = PBXFileReference; explicitFileType = wrapper.cfbundle; includeInIndex = 0; path = GameListTests.xctest; sourceTree = BUILT_PRODUCTS_DIR; };
		D435333820F0B020001F31D6 /* GameListTests.swift */ = {isa = PBXFileReference; lastKnownFileType = sourcecode.swift; path = GameListTests.swift; sourceTree = "<group>"; };
		D435333A20F0B020001F31D6 /* Info.plist */ = {isa = PBXFileReference; lastKnownFileType = text.plist.xml; path = Info.plist; sourceTree = "<group>"; };
		D435333F20F0B020001F31D6 /* GameListUITests.xctest */ = {isa = PBXFileReference; explicitFileType = wrapper.cfbundle; includeInIndex = 0; path = GameListUITests.xctest; sourceTree = BUILT_PRODUCTS_DIR; };
		D435334320F0B020001F31D6 /* GameListUITests.swift */ = {isa = PBXFileReference; lastKnownFileType = sourcecode.swift; path = GameListUITests.swift; sourceTree = "<group>"; };
		D435334520F0B020001F31D6 /* Info.plist */ = {isa = PBXFileReference; lastKnownFileType = text.plist.xml; path = Info.plist; sourceTree = "<group>"; };
		D435335920F0B21F001F31D6 /* AppDelegate.swift */ = {isa = PBXFileReference; fileEncoding = 4; lastKnownFileType = sourcecode.swift; path = AppDelegate.swift; sourceTree = "<group>"; };
		D435335C20F0B21F001F31D6 /* Assets.xcassets */ = {isa = PBXFileReference; lastKnownFileType = folder.assetcatalog; path = Assets.xcassets; sourceTree = "<group>"; };
		D435335E20F0B21F001F31D6 /* Base */ = {isa = PBXFileReference; lastKnownFileType = file.storyboard; name = Base; path = Base.lproj/LaunchScreen.storyboard; sourceTree = "<group>"; };
		D435336020F0B21F001F31D6 /* Base */ = {isa = PBXFileReference; lastKnownFileType = file.storyboard; name = Base; path = Base.lproj/Main.storyboard; sourceTree = "<group>"; };
		D435336120F0B21F001F31D6 /* Info.plist */ = {isa = PBXFileReference; fileEncoding = 4; lastKnownFileType = text.plist.xml; path = Info.plist; sourceTree = "<group>"; };
		D435336620F0B21F001F31D6 /* GameListVC.swift */ = {isa = PBXFileReference; fileEncoding = 4; lastKnownFileType = sourcecode.swift; path = GameListVC.swift; sourceTree = "<group>"; };
		D435337020F0B2C9001F31D6 /* GameListPresenter.swift */ = {isa = PBXFileReference; lastKnownFileType = sourcecode.swift; path = GameListPresenter.swift; sourceTree = "<group>"; };
		D435337220F0B2DA001F31D6 /* GameListInteractor.swift */ = {isa = PBXFileReference; lastKnownFileType = sourcecode.swift; path = GameListInteractor.swift; sourceTree = "<group>"; };
		D435337420F0B2EB001F31D6 /* Game.swift */ = {isa = PBXFileReference; lastKnownFileType = sourcecode.swift; path = Game.swift; sourceTree = "<group>"; };
		D435337720F0B370001F31D6 /* Constants.swift */ = {isa = PBXFileReference; lastKnownFileType = sourcecode.swift; path = Constants.swift; sourceTree = "<group>"; };
		D435337920F0BD6B001F31D6 /* NetworkClient.swift */ = {isa = PBXFileReference; lastKnownFileType = sourcecode.swift; path = NetworkClient.swift; sourceTree = "<group>"; };
		D435337B20F0C371001F31D6 /* Response.swift */ = {isa = PBXFileReference; lastKnownFileType = sourcecode.swift; path = Response.swift; sourceTree = "<group>"; };
/* End PBXFileReference section */

/* Begin PBXFrameworksBuildPhase section */
		D435331D20F0B01D001F31D6 /* Frameworks */ = {
			isa = PBXFrameworksBuildPhase;
			buildActionMask = 2147483647;
			files = (
			);
			runOnlyForDeploymentPostprocessing = 0;
		};
		D435333120F0B020001F31D6 /* Frameworks */ = {
			isa = PBXFrameworksBuildPhase;
			buildActionMask = 2147483647;
			files = (
			);
			runOnlyForDeploymentPostprocessing = 0;
		};
		D435333C20F0B020001F31D6 /* Frameworks */ = {
			isa = PBXFrameworksBuildPhase;
			buildActionMask = 2147483647;
			files = (
			);
			runOnlyForDeploymentPostprocessing = 0;
		};
/* End PBXFrameworksBuildPhase section */

/* Begin PBXGroup section */
		D435331720F0B01D001F31D6 = {
			isa = PBXGroup;
			children = (
				D435332220F0B01D001F31D6 /* GameList */,
				D435333720F0B020001F31D6 /* GameListTests */,
				D435334220F0B020001F31D6 /* GameListUITests */,
				D435332120F0B01D001F31D6 /* Products */,
			);
			sourceTree = "<group>";
		};
		D435332120F0B01D001F31D6 /* Products */ = {
			isa = PBXGroup;
			children = (
				D435332020F0B01D001F31D6 /* GameList.app */,
				D435333420F0B020001F31D6 /* GameListTests.xctest */,
				D435333F20F0B020001F31D6 /* GameListUITests.xctest */,
			);
			name = Products;
			sourceTree = "<group>";
		};
		D435332220F0B01D001F31D6 /* GameList */ = {
			isa = PBXGroup;
			children = (
				D435335920F0B21F001F31D6 /* AppDelegate.swift */,
				D435335A20F0B21F001F31D6 /* Commons */,
				D435335B20F0B21F001F31D6 /* Resources */,
				D435336220F0B21F001F31D6 /* Sections */,
			);
			path = GameList;
			sourceTree = "<group>";
		};
		D435333720F0B020001F31D6 /* GameListTests */ = {
			isa = PBXGroup;
			children = (
				D435333820F0B020001F31D6 /* GameListTests.swift */,
				D435333A20F0B020001F31D6 /* Info.plist */,
			);
			path = GameListTests;
			sourceTree = "<group>";
		};
		D435334220F0B020001F31D6 /* GameListUITests */ = {
			isa = PBXGroup;
			children = (
				D435334320F0B020001F31D6 /* GameListUITests.swift */,
				D435334520F0B020001F31D6 /* Info.plist */,
			);
			path = GameListUITests;
			sourceTree = "<group>";
		};
		D435335A20F0B21F001F31D6 /* Commons */ = {
			isa = PBXGroup;
			children = (
				D435337620F0B363001F31D6 /* Network */,
				D435337720F0B370001F31D6 /* Constants.swift */,
			);
			path = Commons;
			sourceTree = "<group>";
		};
		D435335B20F0B21F001F31D6 /* Resources */ = {
			isa = PBXGroup;
			children = (
				D435335C20F0B21F001F31D6 /* Assets.xcassets */,
				D435335D20F0B21F001F31D6 /* LaunchScreen.storyboard */,
				D435335F20F0B21F001F31D6 /* Main.storyboard */,
				D435336120F0B21F001F31D6 /* Info.plist */,
			);
			path = Resources;
			sourceTree = "<group>";
		};
		D435336220F0B21F001F31D6 /* Sections */ = {
			isa = PBXGroup;
			children = (
				D435336320F0B21F001F31D6 /* List */,
			);
			path = Sections;
			sourceTree = "<group>";
		};
		D435336320F0B21F001F31D6 /* List */ = {
			isa = PBXGroup;
			children = (
				D435336920F0B21F001F31D6 /* Entities */,
				D435336820F0B21F001F31D6 /* Interactor */,
				D435336420F0B21F001F31D6 /* Presenter */,
				D435336720F0B21F001F31D6 /* Routing */,
				D435336520F0B21F001F31D6 /* View */,
			);
			path = List;
			sourceTree = "<group>";
		};
		D435336420F0B21F001F31D6 /* Presenter */ = {
			isa = PBXGroup;
			children = (
				D435337020F0B2C9001F31D6 /* GameListPresenter.swift */,
			);
			path = Presenter;
			sourceTree = "<group>";
		};
		D435336520F0B21F001F31D6 /* View */ = {
			isa = PBXGroup;
			children = (
				D435336620F0B21F001F31D6 /* GameListVC.swift */,
			);
			path = View;
			sourceTree = "<group>";
		};
		D435336720F0B21F001F31D6 /* Routing */ = {
			isa = PBXGroup;
			children = (
			);
			path = Routing;
			sourceTree = "<group>";
		};
		D435336820F0B21F001F31D6 /* Interactor */ = {
			isa = PBXGroup;
			children = (
				D435337220F0B2DA001F31D6 /* GameListInteractor.swift */,
			);
			path = Interactor;
			sourceTree = "<group>";
		};
		D435336920F0B21F001F31D6 /* Entities */ = {
			isa = PBXGroup;
			children = (
				D435337420F0B2EB001F31D6 /* Game.swift */,
			);
			path = Entities;
			sourceTree = "<group>";
		};
		D435337620F0B363001F31D6 /* Network */ = {
			isa = PBXGroup;
			children = (
				D435337920F0BD6B001F31D6 /* NetworkClient.swift */,
				D435337B20F0C371001F31D6 /* Response.swift */,
			);
			path = Network;
			sourceTree = "<group>";
		};
/* End PBXGroup section */

/* Begin PBXNativeTarget section */
		D435331F20F0B01D001F31D6 /* GameList */ = {
			isa = PBXNativeTarget;
			buildConfigurationList = D435334820F0B020001F31D6 /* Build configuration list for PBXNativeTarget "GameList" */;
			buildPhases = (
				D435331C20F0B01D001F31D6 /* Sources */,
				D435331D20F0B01D001F31D6 /* Frameworks */,
				D435331E20F0B01D001F31D6 /* Resources */,
			);
			buildRules = (
			);
			dependencies = (
			);
			name = GameList;
			productName = GameList;
			productReference = D435332020F0B01D001F31D6 /* GameList.app */;
			productType = "com.apple.product-type.application";
		};
		D435333320F0B020001F31D6 /* GameListTests */ = {
			isa = PBXNativeTarget;
			buildConfigurationList = D435334B20F0B020001F31D6 /* Build configuration list for PBXNativeTarget "GameListTests" */;
			buildPhases = (
				D435333020F0B020001F31D6 /* Sources */,
				D435333120F0B020001F31D6 /* Frameworks */,
				D435333220F0B020001F31D6 /* Resources */,
			);
			buildRules = (
			);
			dependencies = (
				D435333620F0B020001F31D6 /* PBXTargetDependency */,
			);
			name = GameListTests;
			productName = GameListTests;
			productReference = D435333420F0B020001F31D6 /* GameListTests.xctest */;
			productType = "com.apple.product-type.bundle.unit-test";
		};
		D435333E20F0B020001F31D6 /* GameListUITests */ = {
			isa = PBXNativeTarget;
			buildConfigurationList = D435334E20F0B020001F31D6 /* Build configuration list for PBXNativeTarget "GameListUITests" */;
			buildPhases = (
				D435333B20F0B020001F31D6 /* Sources */,
				D435333C20F0B020001F31D6 /* Frameworks */,
				D435333D20F0B020001F31D6 /* Resources */,
			);
			buildRules = (
			);
			dependencies = (
				D435334120F0B020001F31D6 /* PBXTargetDependency */,
			);
			name = GameListUITests;
			productName = GameListUITests;
			productReference = D435333F20F0B020001F31D6 /* GameListUITests.xctest */;
			productType = "com.apple.product-type.bundle.ui-testing";
		};
/* End PBXNativeTarget section */

/* Begin PBXProject section */
		D435331820F0B01D001F31D6 /* Project object */ = {
			isa = PBXProject;
			attributes = {
				LastSwiftUpdateCheck = 0940;
				LastUpgradeCheck = 0940;
				ORGANIZATIONNAME = "Carlos Manuel Vicente Herrero";
				TargetAttributes = {
					D435331F20F0B01D001F31D6 = {
						CreatedOnToolsVersion = 9.4.1;
						LastSwiftMigration = 0940;
					};
					D435333320F0B020001F31D6 = {
						CreatedOnToolsVersion = 9.4.1;
						TestTargetID = D435331F20F0B01D001F31D6;
					};
					D435333E20F0B020001F31D6 = {
						CreatedOnToolsVersion = 9.4.1;
						TestTargetID = D435331F20F0B01D001F31D6;
					};
				};
			};
			buildConfigurationList = D435331B20F0B01D001F31D6 /* Build configuration list for PBXProject "GameList" */;
			compatibilityVersion = "Xcode 9.3";
			developmentRegion = en;
			hasScannedForEncodings = 0;
			knownRegions = (
				en,
				Base,
			);
			mainGroup = D435331720F0B01D001F31D6;
			productRefGroup = D435332120F0B01D001F31D6 /* Products */;
			projectDirPath = "";
			projectRoot = "";
			targets = (
				D435331F20F0B01D001F31D6 /* GameList */,
				D435333320F0B020001F31D6 /* GameListTests */,
				D435333E20F0B020001F31D6 /* GameListUITests */,
			);
		};
/* End PBXProject section */

/* Begin PBXResourcesBuildPhase section */
		D435331E20F0B01D001F31D6 /* Resources */ = {
			isa = PBXResourcesBuildPhase;
			buildActionMask = 2147483647;
			files = (
				D435336D20F0B21F001F31D6 /* Main.storyboard in Resources */,
				D435336B20F0B21F001F31D6 /* Assets.xcassets in Resources */,
				D435336C20F0B21F001F31D6 /* LaunchScreen.storyboard in Resources */,
			);
			runOnlyForDeploymentPostprocessing = 0;
		};
		D435333220F0B020001F31D6 /* Resources */ = {
			isa = PBXResourcesBuildPhase;
			buildActionMask = 2147483647;
			files = (
			);
			runOnlyForDeploymentPostprocessing = 0;
		};
		D435333D20F0B020001F31D6 /* Resources */ = {
			isa = PBXResourcesBuildPhase;
			buildActionMask = 2147483647;
			files = (
			);
			runOnlyForDeploymentPostprocessing = 0;
		};
/* End PBXResourcesBuildPhase section */

/* Begin PBXSourcesBuildPhase section */
		D435331C20F0B01D001F31D6 /* Sources */ = {
			isa = PBXSourcesBuildPhase;
			buildActionMask = 2147483647;
			files = (
				D435337320F0B2DA001F31D6 /* GameListInteractor.swift in Sources */,
				D435337520F0B2EB001F31D6 /* Game.swift in Sources */,
				D435336F20F0B21F001F31D6 /* GameListVC.swift in Sources */,
				D435336A20F0B21F001F31D6 /* AppDelegate.swift in Sources */,
				D435337A20F0BD6B001F31D6 /* NetworkClient.swift in Sources */,
				D435337120F0B2C9001F31D6 /* GameListPresenter.swift in Sources */,
				D435337820F0B370001F31D6 /* Constants.swift in Sources */,
				D435337C20F0C371001F31D6 /* Response.swift in Sources */,
			);
			runOnlyForDeploymentPostprocessing = 0;
		};
		D435333020F0B020001F31D6 /* Sources */ = {
			isa = PBXSourcesBuildPhase;
			buildActionMask = 2147483647;
			files = (
				D435333920F0B020001F31D6 /* GameListTests.swift in Sources */,
			);
			runOnlyForDeploymentPostprocessing = 0;
		};
		D435333B20F0B020001F31D6 /* Sources */ = {
			isa = PBXSourcesBuildPhase;
			buildActionMask = 2147483647;
			files = (
				D435334420F0B020001F31D6 /* GameListUITests.swift in Sources */,
			);
			runOnlyForDeploymentPostprocessing = 0;
		};
/* End PBXSourcesBuildPhase section */

/* Begin PBXTargetDependency section */
		D435333620F0B020001F31D6 /* PBXTargetDependency */ = {
			isa = PBXTargetDependency;
			target = D435331F20F0B01D001F31D6 /* GameList */;
			targetProxy = D435333520F0B020001F31D6 /* PBXContainerItemProxy */;
		};
		D435334120F0B020001F31D6 /* PBXTargetDependency */ = {
			isa = PBXTargetDependency;
			target = D435331F20F0B01D001F31D6 /* GameList */;
			targetProxy = D435334020F0B020001F31D6 /* PBXContainerItemProxy */;
		};
/* End PBXTargetDependency section */

/* Begin PBXVariantGroup section */
		D435335D20F0B21F001F31D6 /* LaunchScreen.storyboard */ = {
			isa = PBXVariantGroup;
			children = (
				D435335E20F0B21F001F31D6 /* Base */,
			);
			name = LaunchScreen.storyboard;
			sourceTree = "<group>";
		};
		D435335F20F0B21F001F31D6 /* Main.storyboard */ = {
			isa = PBXVariantGroup;
			children = (
				D435336020F0B21F001F31D6 /* Base */,
			);
			name = Main.storyboard;
			sourceTree = "<group>";
		};
/* End PBXVariantGroup section */

/* Begin XCBuildConfiguration section */
		D435334620F0B020001F31D6 /* Debug */ = {
			isa = XCBuildConfiguration;
			buildSettings = {
				ALWAYS_SEARCH_USER_PATHS = NO;
				CLANG_ANALYZER_NONNULL = YES;
				CLANG_ANALYZER_NUMBER_OBJECT_CONVERSION = YES_AGGRESSIVE;
				CLANG_CXX_LANGUAGE_STANDARD = "gnu++14";
				CLANG_CXX_LIBRARY = "libc++";
				CLANG_ENABLE_MODULES = YES;
				CLANG_ENABLE_OBJC_ARC = YES;
				CLANG_ENABLE_OBJC_WEAK = YES;
				CLANG_WARN_BLOCK_CAPTURE_AUTORELEASING = YES;
				CLANG_WARN_BOOL_CONVERSION = YES;
				CLANG_WARN_COMMA = YES;
				CLANG_WARN_CONSTANT_CONVERSION = YES;
				CLANG_WARN_DEPRECATED_OBJC_IMPLEMENTATIONS = YES;
				CLANG_WARN_DIRECT_OBJC_ISA_USAGE = YES_ERROR;
				CLANG_WARN_DOCUMENTATION_COMMENTS = YES;
				CLANG_WARN_EMPTY_BODY = YES;
				CLANG_WARN_ENUM_CONVERSION = YES;
				CLANG_WARN_INFINITE_RECURSION = YES;
				CLANG_WARN_INT_CONVERSION = YES;
				CLANG_WARN_NON_LITERAL_NULL_CONVERSION = YES;
				CLANG_WARN_OBJC_IMPLICIT_RETAIN_SELF = YES;
				CLANG_WARN_OBJC_LITERAL_CONVERSION = YES;
				CLANG_WARN_OBJC_ROOT_CLASS = YES_ERROR;
				CLANG_WARN_RANGE_LOOP_ANALYSIS = YES;
				CLANG_WARN_STRICT_PROTOTYPES = YES;
				CLANG_WARN_SUSPICIOUS_MOVE = YES;
				CLANG_WARN_UNGUARDED_AVAILABILITY = YES_AGGRESSIVE;
				CLANG_WARN_UNREACHABLE_CODE = YES;
				CLANG_WARN__DUPLICATE_METHOD_MATCH = YES;
				CODE_SIGN_IDENTITY = "iPhone Developer";
				COPY_PHASE_STRIP = NO;
				DEBUG_INFORMATION_FORMAT = dwarf;
				ENABLE_STRICT_OBJC_MSGSEND = YES;
				ENABLE_TESTABILITY = YES;
				GCC_C_LANGUAGE_STANDARD = gnu11;
				GCC_DYNAMIC_NO_PIC = NO;
				GCC_NO_COMMON_BLOCKS = YES;
				GCC_OPTIMIZATION_LEVEL = 0;
				GCC_PREPROCESSOR_DEFINITIONS = (
					"DEBUG=1",
					"$(inherited)",
				);
				GCC_WARN_64_TO_32_BIT_CONVERSION = YES;
				GCC_WARN_ABOUT_RETURN_TYPE = YES_ERROR;
				GCC_WARN_UNDECLARED_SELECTOR = YES;
				GCC_WARN_UNINITIALIZED_AUTOS = YES_AGGRESSIVE;
				GCC_WARN_UNUSED_FUNCTION = YES;
				GCC_WARN_UNUSED_VARIABLE = YES;
				IPHONEOS_DEPLOYMENT_TARGET = 9.0;
				MTL_ENABLE_DEBUG_INFO = YES;
				ONLY_ACTIVE_ARCH = YES;
				SDKROOT = iphoneos;
				SWIFT_ACTIVE_COMPILATION_CONDITIONS = DEBUG;
				SWIFT_OPTIMIZATION_LEVEL = "-Onone";
			};
			name = Debug;
		};
		D435334720F0B020001F31D6 /* Release */ = {
			isa = XCBuildConfiguration;
			buildSettings = {
				ALWAYS_SEARCH_USER_PATHS = NO;
				CLANG_ANALYZER_NONNULL = YES;
				CLANG_ANALYZER_NUMBER_OBJECT_CONVERSION = YES_AGGRESSIVE;
				CLANG_CXX_LANGUAGE_STANDARD = "gnu++14";
				CLANG_CXX_LIBRARY = "libc++";
				CLANG_ENABLE_MODULES = YES;
				CLANG_ENABLE_OBJC_ARC = YES;
				CLANG_ENABLE_OBJC_WEAK = YES;
				CLANG_WARN_BLOCK_CAPTURE_AUTORELEASING = YES;
				CLANG_WARN_BOOL_CONVERSION = YES;
				CLANG_WARN_COMMA = YES;
				CLANG_WARN_CONSTANT_CONVERSION = YES;
				CLANG_WARN_DEPRECATED_OBJC_IMPLEMENTATIONS = YES;
				CLANG_WARN_DIRECT_OBJC_ISA_USAGE = YES_ERROR;
				CLANG_WARN_DOCUMENTATION_COMMENTS = YES;
				CLANG_WARN_EMPTY_BODY = YES;
				CLANG_WARN_ENUM_CONVERSION = YES;
				CLANG_WARN_INFINITE_RECURSION = YES;
				CLANG_WARN_INT_CONVERSION = YES;
				CLANG_WARN_NON_LITERAL_NULL_CONVERSION = YES;
				CLANG_WARN_OBJC_IMPLICIT_RETAIN_SELF = YES;
				CLANG_WARN_OBJC_LITERAL_CONVERSION = YES;
				CLANG_WARN_OBJC_ROOT_CLASS = YES_ERROR;
				CLANG_WARN_RANGE_LOOP_ANALYSIS = YES;
				CLANG_WARN_STRICT_PROTOTYPES = YES;
				CLANG_WARN_SUSPICIOUS_MOVE = YES;
				CLANG_WARN_UNGUARDED_AVAILABILITY = YES_AGGRESSIVE;
				CLANG_WARN_UNREACHABLE_CODE = YES;
				CLANG_WARN__DUPLICATE_METHOD_MATCH = YES;
				CODE_SIGN_IDENTITY = "iPhone Developer";
				COPY_PHASE_STRIP = NO;
				DEBUG_INFORMATION_FORMAT = "dwarf-with-dsym";
				ENABLE_NS_ASSERTIONS = NO;
				ENABLE_STRICT_OBJC_MSGSEND = YES;
				GCC_C_LANGUAGE_STANDARD = gnu11;
				GCC_NO_COMMON_BLOCKS = YES;
				GCC_WARN_64_TO_32_BIT_CONVERSION = YES;
				GCC_WARN_ABOUT_RETURN_TYPE = YES_ERROR;
				GCC_WARN_UNDECLARED_SELECTOR = YES;
				GCC_WARN_UNINITIALIZED_AUTOS = YES_AGGRESSIVE;
				GCC_WARN_UNUSED_FUNCTION = YES;
				GCC_WARN_UNUSED_VARIABLE = YES;
				IPHONEOS_DEPLOYMENT_TARGET = 9.0;
				MTL_ENABLE_DEBUG_INFO = NO;
				SDKROOT = iphoneos;
				SWIFT_COMPILATION_MODE = wholemodule;
				SWIFT_OPTIMIZATION_LEVEL = "-O";
				VALIDATE_PRODUCT = YES;
			};
			name = Release;
		};
		D435334920F0B020001F31D6 /* Debug */ = {
			isa = XCBuildConfiguration;
			buildSettings = {
				ASSETCATALOG_COMPILER_APPICON_NAME = AppIcon;
				CLANG_ENABLE_MODULES = YES;
				CODE_SIGN_STYLE = Automatic;
				INFOPLIST_FILE = GameList/Resources/Info.plist;
				LD_RUNPATH_SEARCH_PATHS = (
					"$(inherited)",
					"@executable_path/Frameworks",
				);
				PRODUCT_BUNDLE_IDENTIFIER = com.cmvicentehe.GameList;
				PRODUCT_NAME = "$(TARGET_NAME)";
				SWIFT_OPTIMIZATION_LEVEL = "-Onone";
				SWIFT_VERSION = 4.0;
				TARGETED_DEVICE_FAMILY = "1,2";
			};
			name = Debug;
		};
		D435334A20F0B020001F31D6 /* Release */ = {
			isa = XCBuildConfiguration;
			buildSettings = {
				ASSETCATALOG_COMPILER_APPICON_NAME = AppIcon;
				CLANG_ENABLE_MODULES = YES;
				CODE_SIGN_STYLE = Automatic;
				INFOPLIST_FILE = GameList/Resources/Info.plist;
				LD_RUNPATH_SEARCH_PATHS = (
					"$(inherited)",
					"@executable_path/Frameworks",
				);
				PRODUCT_BUNDLE_IDENTIFIER = com.cmvicentehe.GameList;
				PRODUCT_NAME = "$(TARGET_NAME)";
				SWIFT_VERSION = 4.0;
				TARGETED_DEVICE_FAMILY = "1,2";
			};
			name = Release;
		};
		D435334C20F0B020001F31D6 /* Debug */ = {
			isa = XCBuildConfiguration;
			buildSettings = {
				ALWAYS_EMBED_SWIFT_STANDARD_LIBRARIES = YES;
				BUNDLE_LOADER = "$(TEST_HOST)";
				CODE_SIGN_STYLE = Automatic;
				INFOPLIST_FILE = GameListTests/Info.plist;
				LD_RUNPATH_SEARCH_PATHS = (
					"$(inherited)",
					"@executable_path/Frameworks",
					"@loader_path/Frameworks",
				);
				PRODUCT_BUNDLE_IDENTIFIER = com.cmvicentehe.GameListTests;
				PRODUCT_NAME = "$(TARGET_NAME)";
				SWIFT_VERSION = 4.0;
				TARGETED_DEVICE_FAMILY = "1,2";
				TEST_HOST = "$(BUILT_PRODUCTS_DIR)/GameList.app/GameList";
			};
			name = Debug;
		};
		D435334D20F0B020001F31D6 /* Release */ = {
			isa = XCBuildConfiguration;
			buildSettings = {
				ALWAYS_EMBED_SWIFT_STANDARD_LIBRARIES = YES;
				BUNDLE_LOADER = "$(TEST_HOST)";
				CODE_SIGN_STYLE = Automatic;
				INFOPLIST_FILE = GameListTests/Info.plist;
				LD_RUNPATH_SEARCH_PATHS = (
					"$(inherited)",
					"@executable_path/Frameworks",
					"@loader_path/Frameworks",
				);
				PRODUCT_BUNDLE_IDENTIFIER = com.cmvicentehe.GameListTests;
				PRODUCT_NAME = "$(TARGET_NAME)";
				SWIFT_VERSION = 4.0;
				TARGETED_DEVICE_FAMILY = "1,2";
				TEST_HOST = "$(BUILT_PRODUCTS_DIR)/GameList.app/GameList";
			};
			name = Release;
		};
		D435334F20F0B020001F31D6 /* Debug */ = {
			isa = XCBuildConfiguration;
			buildSettings = {
				ALWAYS_EMBED_SWIFT_STANDARD_LIBRARIES = YES;
				CODE_SIGN_STYLE = Automatic;
				INFOPLIST_FILE = GameListUITests/Info.plist;
				LD_RUNPATH_SEARCH_PATHS = (
					"$(inherited)",
					"@executable_path/Frameworks",
					"@loader_path/Frameworks",
				);
				PRODUCT_BUNDLE_IDENTIFIER = com.cmvicentehe.GameListUITests;
				PRODUCT_NAME = "$(TARGET_NAME)";
				SWIFT_VERSION = 4.0;
				TARGETED_DEVICE_FAMILY = "1,2";
				TEST_TARGET_NAME = GameList;
			};
			name = Debug;
		};
		D435335020F0B020001F31D6 /* Release */ = {
			isa = XCBuildConfiguration;
			buildSettings = {
				ALWAYS_EMBED_SWIFT_STANDARD_LIBRARIES = YES;
				CODE_SIGN_STYLE = Automatic;
				INFOPLIST_FILE = GameListUITests/Info.plist;
				LD_RUNPATH_SEARCH_PATHS = (
					"$(inherited)",
					"@executable_path/Frameworks",
					"@loader_path/Frameworks",
				);
				PRODUCT_BUNDLE_IDENTIFIER = com.cmvicentehe.GameListUITests;
				PRODUCT_NAME = "$(TARGET_NAME)";
				SWIFT_VERSION = 4.0;
				TARGETED_DEVICE_FAMILY = "1,2";
				TEST_TARGET_NAME = GameList;
			};
			name = Release;
		};
/* End XCBuildConfiguration section */

/* Begin XCConfigurationList section */
		D435331B20F0B01D001F31D6 /* Build configuration list for PBXProject "GameList" */ = {
			isa = XCConfigurationList;
			buildConfigurations = (
				D435334620F0B020001F31D6 /* Debug */,
				D435334720F0B020001F31D6 /* Release */,
			);
			defaultConfigurationIsVisible = 0;
			defaultConfigurationName = Release;
		};
		D435334820F0B020001F31D6 /* Build configuration list for PBXNativeTarget "GameList" */ = {
			isa = XCConfigurationList;
			buildConfigurations = (
				D435334920F0B020001F31D6 /* Debug */,
				D435334A20F0B020001F31D6 /* Release */,
			);
			defaultConfigurationIsVisible = 0;
			defaultConfigurationName = Release;
		};
		D435334B20F0B020001F31D6 /* Build configuration list for PBXNativeTarget "GameListTests" */ = {
			isa = XCConfigurationList;
			buildConfigurations = (
				D435334C20F0B020001F31D6 /* Debug */,
				D435334D20F0B020001F31D6 /* Release */,
			);
			defaultConfigurationIsVisible = 0;
			defaultConfigurationName = Release;
		};
		D435334E20F0B020001F31D6 /* Build configuration list for PBXNativeTarget "GameListUITests" */ = {
			isa = XCConfigurationList;
			buildConfigurations = (
				D435334F20F0B020001F31D6 /* Debug */,
				D435335020F0B020001F31D6 /* Release */,
			);
			defaultConfigurationIsVisible = 0;
			defaultConfigurationName = Release;
		};
/* End XCConfigurationList section */
	};
	rootObject = D435331820F0B01D001F31D6 /* Project object */;
}
